
Microsoft Visual Studio Solution File, Format Version 12.00
# Visual Studio Version 17
VisualStudioVersion = 17.13.35913.81 d17.13
MinimumVisualStudioVersion = 10.0.40219.1
Project("{FAE04EC0-301F-11D3-BF4B-00C04F79EFBC}") = "myBTC", "myBTC.csproj", "{8F1C3823-7334-4945-A12B-A97AB1ADC608}"
EndProject
Global
	GlobalSection(SolutionConfigurationPlatforms) = preSolution
		Debug|Any CPU = Debug|Any CPU
		Release|Any CPU = Release|Any CPU
	EndGlobalSection
	GlobalSection(ProjectConfigurationPlatforms) = postSolution
		{8F1C3823-7334-4945-A12B-A97AB1ADC608}.Debug|Any CPU.ActiveCfg = Debug|Any CPU
		{8F1C3823-7334-4945-A12B-A97AB1ADC608}.Debug|Any CPU.Build.0 = Debug|Any CPU
		{8F1C3823-7334-4945-A12B-A97AB1ADC608}.Release|Any CPU.ActiveCfg = Release|Any CPU
		{8F1C3823-7334-4945-A12B-A97AB1ADC608}.Release|Any CPU.Build.0 = Release|Any CPU
	EndGlobalSection
	GlobalSection(SolutionProperties) = preSolution
		HideSolutionNode = FALSE
	EndGlobalSection
	GlobalSection(ExtensibilityGlobals) = postSolution
		SolutionGuid = {B8D815C3-BF43-4AC7-82A8-BAD73BCF2A56}
	EndGlobalSection
EndGlobal
